
Microsoft Visual Studio Solution File, Format Version 9.00
# Visual Studio 2005
Project("{8BC9CEB8-8B4A-11D0-8D11-00A0C91BC942}") = "GS_SEH", "GS_SEH\GS_SEH.vcproj", "{BFB3E75D-ABAC-4BB1-9AB2-7750A7B6F343}"
EndProject
Global
	GlobalSection(SolutionConfigurationPlatforms) = preSolution
		Debug|Win32 = Debug|Win32
		Release|Win32 = Release|Win32
	EndGlobalSection
	GlobalSection(ProjectConfigurationPlatforms) = postSolution
		{BFB3E75D-ABAC-4BB1-9AB2-7750A7B6F343}.Debug|Win32.ActiveCfg = Debug|Win32
		{BFB3E75D-ABAC-4BB1-9AB2-7750A7B6F343}.Debug|Win32.Build.0 = Debug|Win32
		{BFB3E75D-ABAC-4BB1-9AB2-7750A7B6F343}.Release|Win32.ActiveCfg = Release|Win32
		{BFB3E75D-ABAC-4BB1-9AB2-7750A7B6F343}.Release|Win32.Build.0 = Release|Win32
	EndGlobalSection
	GlobalSection(SolutionProperties) = preSolution
		HideSolutionNode = FALSE
	EndGlobalSection
EndGlobal
