
Microsoft Visual Studio Solution File, Format Version 10.00
# Visual Studio 2008
Project("{8BC9CEB8-8B4A-11D0-8D11-00A0C91BC942}") = "SEH_Heap", "SEH_Heap\SEH_Heap.vcproj", "{322735FD-B07F-476D-838A-2227B885EE5B}"
EndProject
Global
	GlobalSection(SolutionConfigurationPlatforms) = preSolution
		Debug|Win32 = Debug|Win32
		Release|Win32 = Release|Win32
	EndGlobalSection
	GlobalSection(ProjectConfigurationPlatforms) = postSolution
		{322735FD-B07F-476D-838A-2227B885EE5B}.Debug|Win32.ActiveCfg = Debug|Win32
		{322735FD-B07F-476D-838A-2227B885EE5B}.Debug|Win32.Build.0 = Debug|Win32
		{322735FD-B07F-476D-838A-2227B885EE5B}.Release|Win32.ActiveCfg = Release|Win32
		{322735FD-B07F-476D-838A-2227B885EE5B}.Release|Win32.Build.0 = Release|Win32
	EndGlobalSection
	GlobalSection(SolutionProperties) = preSolution
		HideSolutionNode = FALSE
	EndGlobalSection
EndGlobal
