
Microsoft Visual Studio Solution File, Format Version 11.00
# Visual Studio 2010
Project("{8BC9CEB8-8B4A-11D0-8D11-00A0C91BC942}") = "EmuLoop", "EmuLoop.vcxproj", "{28BAF446-5DAB-7328-9CA0-B309FBD701B8}"
EndProject
Global
	GlobalSection(SolutionConfigurationPlatforms) = preSolution
		Debug|Win32 = Debug|Win32
		Release|Win32 = Release|Win32
	EndGlobalSection
	GlobalSection(ProjectConfigurationPlatforms) = postSolution
		{28BAF446-5DAB-7328-9CA0-B309FBD701B8}.Debug|Win32.ActiveCfg = Debug|Win32
		{28BAF446-5DAB-7328-9CA0-B309FBD701B8}.Debug|Win32.Build.0 = Debug|Win32
		{28BAF446-5DAB-7328-9CA0-B309FBD701B8}.Release|Win32.ActiveCfg = Release|Win32
		{28BAF446-5DAB-7328-9CA0-B309FBD701B8}.Release|Win32.Build.0 = Release|Win32
	EndGlobalSection
	GlobalSection(SolutionProperties) = preSolution
		HideSolutionNode = FALSE
	EndGlobalSection
	GlobalSection(SpecExplorer.ActivityCompletionStatus) = preSolution
		SpecExplorer.ActivityCompletionStatus = 
	EndGlobalSection
EndGlobal
