Microsoft Visual Studio Solution File, Format Version 9.00
# Visual Studio 2005
Project("{8BC9CEB8-8B4A-11D0-8D11-00A0C91BC942}") = "kis_22c008_ioctl_expl", "kis_22c008_ioctl_expl.vcproj", "{BE28AE2B-9AAD-4AB8-A808-07E508DAB9B7}"
EndProject
Global
	GlobalSection(SolutionConfigurationPlatforms) = preSolution
		Debug|Win32 = Debug|Win32
		Release|Win32 = Release|Win32
	EndGlobalSection
	GlobalSection(ProjectConfigurationPlatforms) = postSolution
		{BE28AE2B-9AAD-4AB8-A808-07E508DAB9B7}.Debug|Win32.ActiveCfg = Release|Win32
		{BE28AE2B-9AAD-4AB8-A808-07E508DAB9B7}.Debug|Win32.Build.0 = Release|Win32
		{BE28AE2B-9AAD-4AB8-A808-07E508DAB9B7}.Release|Win32.ActiveCfg = Release|Win32
		{BE28AE2B-9AAD-4AB8-A808-07E508DAB9B7}.Release|Win32.Build.0 = Release|Win32
	EndGlobalSection
	GlobalSection(SolutionProperties) = preSolution
		HideSolutionNode = FALSE
	EndGlobalSection
EndGlobal
