
Microsoft Visual Studio Solution File, Format Version 10.00
# Visual Studio 2008
Project("{8BC9CEB8-8B4A-11D0-8D11-00A0C91BC942}") = "SEH_NOSafeSEH", "SEH_NOSafeSEH\SEH_NOSafeSEH.vcproj", "{40CFFB98-0E1D-4E3D-A17D-6CEEBCA158F5}"
EndProject
Global
	GlobalSection(SolutionConfigurationPlatforms) = preSolution
		Debug|Win32 = Debug|Win32
		Release|Win32 = Release|Win32
	EndGlobalSection
	GlobalSection(ProjectConfigurationPlatforms) = postSolution
		{40CFFB98-0E1D-4E3D-A17D-6CEEBCA158F5}.Debug|Win32.ActiveCfg = Debug|Win32
		{40CFFB98-0E1D-4E3D-A17D-6CEEBCA158F5}.Debug|Win32.Build.0 = Debug|Win32
		{40CFFB98-0E1D-4E3D-A17D-6CEEBCA158F5}.Release|Win32.ActiveCfg = Release|Win32
		{40CFFB98-0E1D-4E3D-A17D-6CEEBCA158F5}.Release|Win32.Build.0 = Release|Win32
	EndGlobalSection
	GlobalSection(SolutionProperties) = preSolution
		HideSolutionNode = FALSE
	EndGlobalSection
EndGlobal
