
Microsoft Visual Studio Solution File, Format Version 10.00
# Visual Studio 2008
Project("{8BC9CEB8-8B4A-11D0-8D11-00A0C91BC942}") = "SEHOP_NOSEHOP", "SEHOP_NOSEHOP\SEHOP_NOSEHOP.vcproj", "{D1653763-F94C-48B6-A842-F736A1AAF6A1}"
EndProject
Global
	GlobalSection(SolutionConfigurationPlatforms) = preSolution
		Debug|Win32 = Debug|Win32
		Release|Win32 = Release|Win32
	EndGlobalSection
	GlobalSection(ProjectConfigurationPlatforms) = postSolution
		{D1653763-F94C-48B6-A842-F736A1AAF6A1}.Debug|Win32.ActiveCfg = Debug|Win32
		{D1653763-F94C-48B6-A842-F736A1AAF6A1}.Debug|Win32.Build.0 = Debug|Win32
		{D1653763-F94C-48B6-A842-F736A1AAF6A1}.Release|Win32.ActiveCfg = Release|Win32
		{D1653763-F94C-48B6-A842-F736A1AAF6A1}.Release|Win32.Build.0 = Release|Win32
	EndGlobalSection
	GlobalSection(SolutionProperties) = preSolution
		HideSolutionNode = FALSE
	EndGlobalSection
EndGlobal
